// !$*UTF8*$!
{
	archiveVersion = 1;
	classes = {
	};
	objectVersion = 50;
	objects = {

/* Begin PBXBuildFile section */
		54DD1846D824E9C6DD1327AF /* Pods_BreakPoint.framework in Frameworks */ = {isa = PBXBuildFile; fileRef = DAF22F552829C8C581E20FC7 /* Pods_BreakPoint.framework */; };
		7330F7D22077301700759A57 /* MeVC.swift in Sources */ = {isa = PBXBuildFile; fileRef = 7330F7D12077301700759A57 /* MeVC.swift */; };
		73664BF52077AB2500FA8AA0 /* CreatePostVC.swift in Sources */ = {isa = PBXBuildFile; fileRef = 73664BF42077AB2500FA8AA0 /* CreatePostVC.swift */; };
		73664BF92077E7E000FA8AA0 /* UIViewExt.swift in Sources */ = {isa = PBXBuildFile; fileRef = 73664BF82077E7E000FA8AA0 /* UIViewExt.swift */; };
		73664BFB2077F7BD00FA8AA0 /* FeedCell.swift in Sources */ = {isa = PBXBuildFile; fileRef = 73664BFA2077F7BD00FA8AA0 /* FeedCell.swift */; };
		73664BFD20783EB000FA8AA0 /* Message.swift in Sources */ = {isa = PBXBuildFile; fileRef = 73664BFC20783EB000FA8AA0 /* Message.swift */; };
		736996CE2076B843009C6CF3 /* ShadowView.swift in Sources */ = {isa = PBXBuildFile; fileRef = 736996CD2076B843009C6CF3 /* ShadowView.swift */; };
		736996D02076BA23009C6CF3 /* AuthService.swift in Sources */ = {isa = PBXBuildFile; fileRef = 736996CF2076BA23009C6CF3 /* AuthService.swift */; };
		737128AE2082871900E4B90A /* CreateGroupsVC.swift in Sources */ = {isa = PBXBuildFile; fileRef = 737128AD2082871900E4B90A /* CreateGroupsVC.swift */; };
		737128B02083717C00E4B90A /* UserCell.swift in Sources */ = {isa = PBXBuildFile; fileRef = 737128AF2083717C00E4B90A /* UserCell.swift */; };
		737678A02075AA5600E06E7E /* AppDelegate.swift in Sources */ = {isa = PBXBuildFile; fileRef = 7376789F2075AA5600E06E7E /* AppDelegate.swift */; };
		737678A22075AA5600E06E7E /* FeedVC.swift in Sources */ = {isa = PBXBuildFile; fileRef = 737678A12075AA5600E06E7E /* FeedVC.swift */; };
		737678A42075AA5600E06E7E /* GroupsVC.swift in Sources */ = {isa = PBXBuildFile; fileRef = 737678A32075AA5600E06E7E /* GroupsVC.swift */; };
		737678A72075AA5600E06E7E /* Main.storyboard in Resources */ = {isa = PBXBuildFile; fileRef = 737678A52075AA5600E06E7E /* Main.storyboard */; };
		737678A92075AA5800E06E7E /* Assets.xcassets in Resources */ = {isa = PBXBuildFile; fileRef = 737678A82075AA5800E06E7E /* Assets.xcassets */; };
		737678AC2075AA5800E06E7E /* LaunchScreen.storyboard in Resources */ = {isa = PBXBuildFile; fileRef = 737678AA2075AA5800E06E7E /* LaunchScreen.storyboard */; };
		737678BA2075B14000E06E7E /* GoogleService-Info.plist in Resources */ = {isa = PBXBuildFile; fileRef = 737678B92075B14000E06E7E /* GoogleService-Info.plist */; };
		737678BC2075B69D00E06E7E /* DataService.swift in Sources */ = {isa = PBXBuildFile; fileRef = 737678BB2075B69D00E06E7E /* DataService.swift */; };
		737678BE2075B80900E06E7E /* Constants.swift in Sources */ = {isa = PBXBuildFile; fileRef = 737678BD2075B80900E06E7E /* Constants.swift */; };
		73893357207645F300C1EA5E /* LoginVC.swift in Sources */ = {isa = PBXBuildFile; fileRef = 73893356207645F300C1EA5E /* LoginVC.swift */; };
		738933592076461000C1EA5E /* AuthVC.swift in Sources */ = {isa = PBXBuildFile; fileRef = 738933582076461000C1EA5E /* AuthVC.swift */; };
		7389335B207646E200C1EA5E /* InsetTextField.swift in Sources */ = {isa = PBXBuildFile; fileRef = 7389335A207646E200C1EA5E /* InsetTextField.swift */; };
/* End PBXBuildFile section */

/* Begin PBXFileReference section */
		7330F7D12077301700759A57 /* MeVC.swift */ = {isa = PBXFileReference; lastKnownFileType = sourcecode.swift; path = MeVC.swift; sourceTree = "<group>"; };
		73664BF42077AB2500FA8AA0 /* CreatePostVC.swift */ = {isa = PBXFileReference; lastKnownFileType = sourcecode.swift; path = CreatePostVC.swift; sourceTree = "<group>"; };
		73664BF82077E7E000FA8AA0 /* UIViewExt.swift */ = {isa = PBXFileReference; lastKnownFileType = sourcecode.swift; path = UIViewExt.swift; sourceTree = "<group>"; };
		73664BFA2077F7BD00FA8AA0 /* FeedCell.swift */ = {isa = PBXFileReference; lastKnownFileType = sourcecode.swift; path = FeedCell.swift; sourceTree = "<group>"; };
		73664BFC20783EB000FA8AA0 /* Message.swift */ = {isa = PBXFileReference; lastKnownFileType = sourcecode.swift; path = Message.swift; sourceTree = "<group>"; };
		736996CD2076B843009C6CF3 /* ShadowView.swift */ = {isa = PBXFileReference; lastKnownFileType = sourcecode.swift; path = ShadowView.swift; sourceTree = "<group>"; };
		736996CF2076BA23009C6CF3 /* AuthService.swift */ = {isa = PBXFileReference; lastKnownFileType = sourcecode.swift; path = AuthService.swift; sourceTree = "<group>"; };
		737128AD2082871900E4B90A /* CreateGroupsVC.swift */ = {isa = PBXFileReference; lastKnownFileType = sourcecode.swift; path = CreateGroupsVC.swift; sourceTree = "<group>"; };
		737128AF2083717C00E4B90A /* UserCell.swift */ = {isa = PBXFileReference; lastKnownFileType = sourcecode.swift; path = UserCell.swift; sourceTree = "<group>"; };
		7376789C2075AA5600E06E7E /* BreakPoint.app */ = {isa = PBXFileReference; explicitFileType = wrapper.application; includeInIndex = 0; path = BreakPoint.app; sourceTree = BUILT_PRODUCTS_DIR; };
		7376789F2075AA5600E06E7E /* AppDelegate.swift */ = {isa = PBXFileReference; lastKnownFileType = sourcecode.swift; path = AppDelegate.swift; sourceTree = "<group>"; };
		737678A12075AA5600E06E7E /* FeedVC.swift */ = {isa = PBXFileReference; lastKnownFileType = sourcecode.swift; path = FeedVC.swift; sourceTree = "<group>"; };
		737678A32075AA5600E06E7E /* GroupsVC.swift */ = {isa = PBXFileReference; lastKnownFileType = sourcecode.swift; path = GroupsVC.swift; sourceTree = "<group>"; };
		737678A62075AA5600E06E7E /* Base */ = {isa = PBXFileReference; lastKnownFileType = file.storyboard; name = Base; path = Base.lproj/Main.storyboard; sourceTree = "<group>"; };
		737678A82075AA5800E06E7E /* Assets.xcassets */ = {isa = PBXFileReference; lastKnownFileType = folder.assetcatalog; path = Assets.xcassets; sourceTree = "<group>"; };
		737678AB2075AA5800E06E7E /* Base */ = {isa = PBXFileReference; lastKnownFileType = file.storyboard; name = Base; path = Base.lproj/LaunchScreen.storyboard; sourceTree = "<group>"; };
		737678AD2075AA5800E06E7E /* Info.plist */ = {isa = PBXFileReference; lastKnownFileType = text.plist.xml; path = Info.plist; sourceTree = "<group>"; };
		737678B92075B14000E06E7E /* GoogleService-Info.plist */ = {isa = PBXFileReference; fileEncoding = 4; lastKnownFileType = text.plist.xml; path = "GoogleService-Info.plist"; sourceTree = "<group>"; };
		737678BB2075B69D00E06E7E /* DataService.swift */ = {isa = PBXFileReference; lastKnownFileType = sourcecode.swift; path = DataService.swift; sourceTree = "<group>"; };
		737678BD2075B80900E06E7E /* Constants.swift */ = {isa = PBXFileReference; lastKnownFileType = sourcecode.swift; path = Constants.swift; sourceTree = "<group>"; };
		73893356207645F300C1EA5E /* LoginVC.swift */ = {isa = PBXFileReference; lastKnownFileType = sourcecode.swift; path = LoginVC.swift; sourceTree = "<group>"; };
		738933582076461000C1EA5E /* AuthVC.swift */ = {isa = PBXFileReference; lastKnownFileType = sourcecode.swift; path = AuthVC.swift; sourceTree = "<group>"; };
		7389335A207646E200C1EA5E /* InsetTextField.swift */ = {isa = PBXFileReference; lastKnownFileType = sourcecode.swift; path = InsetTextField.swift; sourceTree = "<group>"; };
		9C22BE5E910ECFA0C768EDE6 /* Pods-BreakPoint.release.xcconfig */ = {isa = PBXFileReference; includeInIndex = 1; lastKnownFileType = text.xcconfig; name = "Pods-BreakPoint.release.xcconfig"; path = "Pods/Target Support Files/Pods-BreakPoint/Pods-BreakPoint.release.xcconfig"; sourceTree = "<group>"; };
		C8A4ABDE09CADA37453691BE /* Pods-BreakPoint.debug.xcconfig */ = {isa = PBXFileReference; includeInIndex = 1; lastKnownFileType = text.xcconfig; name = "Pods-BreakPoint.debug.xcconfig"; path = "Pods/Target Support Files/Pods-BreakPoint/Pods-BreakPoint.debug.xcconfig"; sourceTree = "<group>"; };
		DAF22F552829C8C581E20FC7 /* Pods_BreakPoint.framework */ = {isa = PBXFileReference; explicitFileType = wrapper.framework; includeInIndex = 0; path = Pods_BreakPoint.framework; sourceTree = BUILT_PRODUCTS_DIR; };
/* End PBXFileReference section */

/* Begin PBXFrameworksBuildPhase section */
		737678992075AA5600E06E7E /* Frameworks */ = {
			isa = PBXFrameworksBuildPhase;
			buildActionMask = 2147483647;
			files = (
				54DD1846D824E9C6DD1327AF /* Pods_BreakPoint.framework in Frameworks */,
			);
			runOnlyForDeploymentPostprocessing = 0;
		};
/* End PBXFrameworksBuildPhase section */

/* Begin PBXGroup section */
		737678932075AA5600E06E7E = {
			isa = PBXGroup;
			children = (
				7376789E2075AA5600E06E7E /* BreakPoint */,
				7376789D2075AA5600E06E7E /* Products */,
				DB5E62F6B8357A46C34E76E4 /* Pods */,
				86D7F0BD7BE08D00906C6058 /* Frameworks */,
			);
			sourceTree = "<group>";
		};
		7376789D2075AA5600E06E7E /* Products */ = {
			isa = PBXGroup;
			children = (
				7376789C2075AA5600E06E7E /* BreakPoint.app */,
			);
			name = Products;
			sourceTree = "<group>";
		};
		7376789E2075AA5600E06E7E /* BreakPoint */ = {
			isa = PBXGroup;
			children = (
				737678B82075ABAF00E06E7E /* Constants */,
				737678B72075ABA700E06E7E /* Services */,
				737678B62075AB9F00E06E7E /* Extensions */,
				737678B52075AB9900E06E7E /* Model */,
				737678B42075AB9200E06E7E /* View */,
				737678B32075AB6B00E06E7E /* Controller */,
				7376789F2075AA5600E06E7E /* AppDelegate.swift */,
				737678A52075AA5600E06E7E /* Main.storyboard */,
				737678A82075AA5800E06E7E /* Assets.xcassets */,
				737678AA2075AA5800E06E7E /* LaunchScreen.storyboard */,
				737678AD2075AA5800E06E7E /* Info.plist */,
				737678B92075B14000E06E7E /* GoogleService-Info.plist */,
			);
			path = BreakPoint;
			sourceTree = "<group>";
		};
		737678B32075AB6B00E06E7E /* Controller */ = {
			isa = PBXGroup;
			children = (
				737678A12075AA5600E06E7E /* FeedVC.swift */,
				737678A32075AA5600E06E7E /* GroupsVC.swift */,
				73893356207645F300C1EA5E /* LoginVC.swift */,
				738933582076461000C1EA5E /* AuthVC.swift */,
				7330F7D12077301700759A57 /* MeVC.swift */,
				73664BF42077AB2500FA8AA0 /* CreatePostVC.swift */,
				737128AD2082871900E4B90A /* CreateGroupsVC.swift */,
			);
			path = Controller;
			sourceTree = "<group>";
		};
		737678B42075AB9200E06E7E /* View */ = {
			isa = PBXGroup;
			children = (
				7389335A207646E200C1EA5E /* InsetTextField.swift */,
				736996CD2076B843009C6CF3 /* ShadowView.swift */,
				73664BFA2077F7BD00FA8AA0 /* FeedCell.swift */,
				737128AF2083717C00E4B90A /* UserCell.swift */,
			);
			path = View;
			sourceTree = "<group>";
		};
		737678B52075AB9900E06E7E /* Model */ = {
			isa = PBXGroup;
			children = (
				73664BFC20783EB000FA8AA0 /* Message.swift */,
			);
			path = Model;
			sourceTree = "<group>";
		};
		737678B62075AB9F00E06E7E /* Extensions */ = {
			isa = PBXGroup;
			children = (
				73664BF82077E7E000FA8AA0 /* UIViewExt.swift */,
			);
			path = Extensions;
			sourceTree = "<group>";
		};
		737678B72075ABA700E06E7E /* Services */ = {
			isa = PBXGroup;
			children = (
				737678BB2075B69D00E06E7E /* DataService.swift */,
				736996CF2076BA23009C6CF3 /* AuthService.swift */,
			);
			path = Services;
			sourceTree = "<group>";
		};
		737678B82075ABAF00E06E7E /* Constants */ = {
			isa = PBXGroup;
			children = (
				737678BD2075B80900E06E7E /* Constants.swift */,
			);
			path = Constants;
			sourceTree = "<group>";
		};
		86D7F0BD7BE08D00906C6058 /* Frameworks */ = {
			isa = PBXGroup;
			children = (
				DAF22F552829C8C581E20FC7 /* Pods_BreakPoint.framework */,
			);
			name = Frameworks;
			sourceTree = "<group>";
		};
		DB5E62F6B8357A46C34E76E4 /* Pods */ = {
			isa = PBXGroup;
			children = (
				C8A4ABDE09CADA37453691BE /* Pods-BreakPoint.debug.xcconfig */,
				9C22BE5E910ECFA0C768EDE6 /* Pods-BreakPoint.release.xcconfig */,
			);
			name = Pods;
			sourceTree = "<group>";
		};
/* End PBXGroup section */

/* Begin PBXNativeTarget section */
		7376789B2075AA5600E06E7E /* BreakPoint */ = {
			isa = PBXNativeTarget;
			buildConfigurationList = 737678B02075AA5800E06E7E /* Build configuration list for PBXNativeTarget "BreakPoint" */;
			buildPhases = (
				4A01BE3BD8EF056E5DE5E21A /* [CP] Check Pods Manifest.lock */,
				737678982075AA5600E06E7E /* Sources */,
				737678992075AA5600E06E7E /* Frameworks */,
				7376789A2075AA5600E06E7E /* Resources */,
				5C2BAE5A2A37FEF5DF6B2D4A /* [CP] Embed Pods Frameworks */,
				94FC8F1961E6557D77F3DFDE /* [CP] Copy Pods Resources */,
			);
			buildRules = (
			);
			dependencies = (
			);
			name = BreakPoint;
			productName = BreakPoint;
			productReference = 7376789C2075AA5600E06E7E /* BreakPoint.app */;
			productType = "com.apple.product-type.application";
		};
/* End PBXNativeTarget section */

/* Begin PBXProject section */
		737678942075AA5600E06E7E /* Project object */ = {
			isa = PBXProject;
			attributes = {
				LastSwiftUpdateCheck = 0930;
				LastUpgradeCheck = 0930;
				ORGANIZATIONNAME = "Clarke Enterprises";
				TargetAttributes = {
					7376789B2075AA5600E06E7E = {
						CreatedOnToolsVersion = 9.3;
					};
				};
			};
			buildConfigurationList = 737678972075AA5600E06E7E /* Build configuration list for PBXProject "BreakPoint" */;
			compatibilityVersion = "Xcode 9.3";
			developmentRegion = en;
			hasScannedForEncodings = 0;
			knownRegions = (
				en,
				Base,
			);
			mainGroup = 737678932075AA5600E06E7E;
			productRefGroup = 7376789D2075AA5600E06E7E /* Products */;
			projectDirPath = "";
			projectRoot = "";
			targets = (
				7376789B2075AA5600E06E7E /* BreakPoint */,
			);
		};
/* End PBXProject section */

/* Begin PBXResourcesBuildPhase section */
		7376789A2075AA5600E06E7E /* Resources */ = {
			isa = PBXResourcesBuildPhase;
			buildActionMask = 2147483647;
			files = (
				737678AC2075AA5800E06E7E /* LaunchScreen.storyboard in Resources */,
				737678BA2075B14000E06E7E /* GoogleService-Info.plist in Resources */,
				737678A92075AA5800E06E7E /* Assets.xcassets in Resources */,
				737678A72075AA5600E06E7E /* Main.storyboard in Resources */,
			);
			runOnlyForDeploymentPostprocessing = 0;
		};
/* End PBXResourcesBuildPhase section */

/* Begin PBXShellScriptBuildPhase section */
		4A01BE3BD8EF056E5DE5E21A /* [CP] Check Pods Manifest.lock */ = {
			isa = PBXShellScriptBuildPhase;
			buildActionMask = 2147483647;
			files = (
			);
			inputPaths = (
				"${PODS_PODFILE_DIR_PATH}/Podfile.lock",
				"${PODS_ROOT}/Manifest.lock",
			);
			name = "[CP] Check Pods Manifest.lock";
			outputPaths = (
				"$(DERIVED_FILE_DIR)/Pods-BreakPoint-checkManifestLockResult.txt",
			);
			runOnlyForDeploymentPostprocessing = 0;
			shellPath = /bin/sh;
			shellScript = "diff \"${PODS_PODFILE_DIR_PATH}/Podfile.lock\" \"${PODS_ROOT}/Manifest.lock\" > /dev/null\nif [ $? != 0 ] ; then\n    # print error to STDERR\n    echo \"error: The sandbox is not in sync with the Podfile.lock. Run 'pod install' or update your CocoaPods installation.\" >&2\n    exit 1\nfi\n# This output is used by Xcode 'outputs' to avoid re-running this script phase.\necho \"SUCCESS\" > \"${SCRIPT_OUTPUT_FILE_0}\"\n";
			showEnvVarsInLog = 0;
		};
		5C2BAE5A2A37FEF5DF6B2D4A /* [CP] Embed Pods Frameworks */ = {
			isa = PBXShellScriptBuildPhase;
			buildActionMask = 2147483647;
			files = (
			);
			inputPaths = (
				"${SRCROOT}/Pods/Target Support Files/Pods-BreakPoint/Pods-BreakPoint-frameworks.sh",
				"${BUILT_PRODUCTS_DIR}/GTMSessionFetcher/GTMSessionFetcher.framework",
				"${BUILT_PRODUCTS_DIR}/GoogleToolboxForMac/GoogleToolboxForMac.framework",
				"${BUILT_PRODUCTS_DIR}/leveldb-library/leveldb.framework",
				"${BUILT_PRODUCTS_DIR}/nanopb/nanopb.framework",
			);
			name = "[CP] Embed Pods Frameworks";
			outputPaths = (
				"${TARGET_BUILD_DIR}/${FRAMEWORKS_FOLDER_PATH}/GTMSessionFetcher.framework",
				"${TARGET_BUILD_DIR}/${FRAMEWORKS_FOLDER_PATH}/GoogleToolboxForMac.framework",
				"${TARGET_BUILD_DIR}/${FRAMEWORKS_FOLDER_PATH}/leveldb.framework",
				"${TARGET_BUILD_DIR}/${FRAMEWORKS_FOLDER_PATH}/nanopb.framework",
			);
			runOnlyForDeploymentPostprocessing = 0;
			shellPath = /bin/sh;
			shellScript = "\"${SRCROOT}/Pods/Target Support Files/Pods-BreakPoint/Pods-BreakPoint-frameworks.sh\"\n";
			showEnvVarsInLog = 0;
		};
		94FC8F1961E6557D77F3DFDE /* [CP] Copy Pods Resources */ = {
			isa = PBXShellScriptBuildPhase;
			buildActionMask = 2147483647;
			files = (
			);
			inputPaths = (
			);
			name = "[CP] Copy Pods Resources";
			outputPaths = (
			);
			runOnlyForDeploymentPostprocessing = 0;
			shellPath = /bin/sh;
			shellScript = "\"${SRCROOT}/Pods/Target Support Files/Pods-BreakPoint/Pods-BreakPoint-resources.sh\"\n";
			showEnvVarsInLog = 0;
		};
/* End PBXShellScriptBuildPhase section */

/* Begin PBXSourcesBuildPhase section */
		737678982075AA5600E06E7E /* Sources */ = {
			isa = PBXSourcesBuildPhase;
			buildActionMask = 2147483647;
			files = (
				73664BF92077E7E000FA8AA0 /* UIViewExt.swift in Sources */,
				736996CE2076B843009C6CF3 /* ShadowView.swift in Sources */,
				737678BE2075B80900E06E7E /* Constants.swift in Sources */,
				737678A42075AA5600E06E7E /* GroupsVC.swift in Sources */,
				737128B02083717C00E4B90A /* UserCell.swift in Sources */,
				73893357207645F300C1EA5E /* LoginVC.swift in Sources */,
				7389335B207646E200C1EA5E /* InsetTextField.swift in Sources */,
				736996D02076BA23009C6CF3 /* AuthService.swift in Sources */,
				73664BFB2077F7BD00FA8AA0 /* FeedCell.swift in Sources */,
				73664BF52077AB2500FA8AA0 /* CreatePostVC.swift in Sources */,
				737678A02075AA5600E06E7E /* AppDelegate.swift in Sources */,
				7330F7D22077301700759A57 /* MeVC.swift in Sources */,
				738933592076461000C1EA5E /* AuthVC.swift in Sources */,
				737128AE2082871900E4B90A /* CreateGroupsVC.swift in Sources */,
				73664BFD20783EB000FA8AA0 /* Message.swift in Sources */,
				737678A22075AA5600E06E7E /* FeedVC.swift in Sources */,
				737678BC2075B69D00E06E7E /* DataService.swift in Sources */,
			);
			runOnlyForDeploymentPostprocessing = 0;
		};
/* End PBXSourcesBuildPhase section */

/* Begin PBXVariantGroup section */
		737678A52075AA5600E06E7E /* Main.storyboard */ = {
			isa = PBXVariantGroup;
			children = (
				737678A62075AA5600E06E7E /* Base */,
			);
			name = Main.storyboard;
			sourceTree = "<group>";
		};
		737678AA2075AA5800E06E7E /* LaunchScreen.storyboard */ = {
			isa = PBXVariantGroup;
			children = (
				737678AB2075AA5800E06E7E /* Base */,
			);
			name = LaunchScreen.storyboard;
			sourceTree = "<group>";
		};
/* End PBXVariantGroup section */

/* Begin XCBuildConfiguration section */
		737678AE2075AA5800E06E7E /* Debug */ = {
			isa = XCBuildConfiguration;
			buildSettings = {
				ALWAYS_SEARCH_USER_PATHS = NO;
				CLANG_ANALYZER_NONNULL = YES;
				CLANG_ANALYZER_NUMBER_OBJECT_CONVERSION = YES_AGGRESSIVE;
				CLANG_CXX_LANGUAGE_STANDARD = "gnu++14";
				CLANG_CXX_LIBRARY = "libc++";
				CLANG_ENABLE_MODULES = YES;
				CLANG_ENABLE_OBJC_ARC = YES;
				CLANG_ENABLE_OBJC_WEAK = YES;
				CLANG_WARN_BLOCK_CAPTURE_AUTORELEASING = YES;
				CLANG_WARN_BOOL_CONVERSION = YES;
				CLANG_WARN_COMMA = YES;
				CLANG_WARN_CONSTANT_CONVERSION = YES;
				CLANG_WARN_DEPRECATED_OBJC_IMPLEMENTATIONS = YES;
				CLANG_WARN_DIRECT_OBJC_ISA_USAGE = YES_ERROR;
				CLANG_WARN_DOCUMENTATION_COMMENTS = YES;
				CLANG_WARN_EMPTY_BODY = YES;
				CLANG_WARN_ENUM_CONVERSION = YES;
				CLANG_WARN_INFINITE_RECURSION = YES;
				CLANG_WARN_INT_CONVERSION = YES;
				CLANG_WARN_NON_LITERAL_NULL_CONVERSION = YES;
				CLANG_WARN_OBJC_IMPLICIT_RETAIN_SELF = YES;
				CLANG_WARN_OBJC_LITERAL_CONVERSION = YES;
				CLANG_WARN_OBJC_ROOT_CLASS = YES_ERROR;
				CLANG_WARN_RANGE_LOOP_ANALYSIS = YES;
				CLANG_WARN_STRICT_PROTOTYPES = YES;
				CLANG_WARN_SUSPICIOUS_MOVE = YES;
				CLANG_WARN_UNGUARDED_AVAILABILITY = YES_AGGRESSIVE;
				CLANG_WARN_UNREACHABLE_CODE = YES;
				CLANG_WARN__DUPLICATE_METHOD_MATCH = YES;
				CODE_SIGN_IDENTITY = "iPhone Developer";
				COPY_PHASE_STRIP = NO;
				DEBUG_INFORMATION_FORMAT = dwarf;
				ENABLE_STRICT_OBJC_MSGSEND = YES;
				ENABLE_TESTABILITY = YES;
				GCC_C_LANGUAGE_STANDARD = gnu11;
				GCC_DYNAMIC_NO_PIC = NO;
				GCC_NO_COMMON_BLOCKS = YES;
				GCC_OPTIMIZATION_LEVEL = 0;
				GCC_PREPROCESSOR_DEFINITIONS = (
					"DEBUG=1",
					"$(inherited)",
				);
				GCC_WARN_64_TO_32_BIT_CONVERSION = YES;
				GCC_WARN_ABOUT_RETURN_TYPE = YES_ERROR;
				GCC_WARN_UNDECLARED_SELECTOR = YES;
				GCC_WARN_UNINITIALIZED_AUTOS = YES_AGGRESSIVE;
				GCC_WARN_UNUSED_FUNCTION = YES;
				GCC_WARN_UNUSED_VARIABLE = YES;
				IPHONEOS_DEPLOYMENT_TARGET = 11.3;
				MTL_ENABLE_DEBUG_INFO = YES;
				ONLY_ACTIVE_ARCH = YES;
				SDKROOT = iphoneos;
				SWIFT_ACTIVE_COMPILATION_CONDITIONS = DEBUG;
				SWIFT_OPTIMIZATION_LEVEL = "-Onone";
			};
			name = Debug;
		};
		737678AF2075AA5800E06E7E /* Release */ = {
			isa = XCBuildConfiguration;
			buildSettings = {
				ALWAYS_SEARCH_USER_PATHS = NO;
				CLANG_ANALYZER_NONNULL = YES;
				CLANG_ANALYZER_NUMBER_OBJECT_CONVERSION = YES_AGGRESSIVE;
				CLANG_CXX_LANGUAGE_STANDARD = "gnu++14";
				CLANG_CXX_LIBRARY = "libc++";
				CLANG_ENABLE_MODULES = YES;
				CLANG_ENABLE_OBJC_ARC = YES;
				CLANG_ENABLE_OBJC_WEAK = YES;
				CLANG_WARN_BLOCK_CAPTURE_AUTORELEASING = YES;
				CLANG_WARN_BOOL_CONVERSION = YES;
				CLANG_WARN_COMMA = YES;
				CLANG_WARN_CONSTANT_CONVERSION = YES;
				CLANG_WARN_DEPRECATED_OBJC_IMPLEMENTATIONS = YES;
				CLANG_WARN_DIRECT_OBJC_ISA_USAGE = YES_ERROR;
				CLANG_WARN_DOCUMENTATION_COMMENTS = YES;
				CLANG_WARN_EMPTY_BODY = YES;
				CLANG_WARN_ENUM_CONVERSION = YES;
				CLANG_WARN_INFINITE_RECURSION = YES;
				CLANG_WARN_INT_CONVERSION = YES;
				CLANG_WARN_NON_LITERAL_NULL_CONVERSION = YES;
				CLANG_WARN_OBJC_IMPLICIT_RETAIN_SELF = YES;
				CLANG_WARN_OBJC_LITERAL_CONVERSION = YES;
				CLANG_WARN_OBJC_ROOT_CLASS = YES_ERROR;
				CLANG_WARN_RANGE_LOOP_ANALYSIS = YES;
				CLANG_WARN_STRICT_PROTOTYPES = YES;
				CLANG_WARN_SUSPICIOUS_MOVE = YES;
				CLANG_WARN_UNGUARDED_AVAILABILITY = YES_AGGRESSIVE;
				CLANG_WARN_UNREACHABLE_CODE = YES;
				CLANG_WARN__DUPLICATE_METHOD_MATCH = YES;
				CODE_SIGN_IDENTITY = "iPhone Developer";
				COPY_PHASE_STRIP = NO;
				DEBUG_INFORMATION_FORMAT = "dwarf-with-dsym";
				ENABLE_NS_ASSERTIONS = NO;
				ENABLE_STRICT_OBJC_MSGSEND = YES;
				GCC_C_LANGUAGE_STANDARD = gnu11;
				GCC_NO_COMMON_BLOCKS = YES;
				GCC_WARN_64_TO_32_BIT_CONVERSION = YES;
				GCC_WARN_ABOUT_RETURN_TYPE = YES_ERROR;
				GCC_WARN_UNDECLARED_SELECTOR = YES;
				GCC_WARN_UNINITIALIZED_AUTOS = YES_AGGRESSIVE;
				GCC_WARN_UNUSED_FUNCTION = YES;
				GCC_WARN_UNUSED_VARIABLE = YES;
				IPHONEOS_DEPLOYMENT_TARGET = 11.3;
				MTL_ENABLE_DEBUG_INFO = NO;
				SDKROOT = iphoneos;
				SWIFT_COMPILATION_MODE = wholemodule;
				SWIFT_OPTIMIZATION_LEVEL = "-O";
				VALIDATE_PRODUCT = YES;
			};
			name = Release;
		};
		737678B12075AA5800E06E7E /* Debug */ = {
			isa = XCBuildConfiguration;
			baseConfigurationReference = C8A4ABDE09CADA37453691BE /* Pods-BreakPoint.debug.xcconfig */;
			buildSettings = {
				ASSETCATALOG_COMPILER_APPICON_NAME = AppIcon;
				CODE_SIGN_STYLE = Automatic;
				DEVELOPMENT_TEAM = F75BW287FH;
				INFOPLIST_FILE = BreakPoint/Info.plist;
				LD_RUNPATH_SEARCH_PATHS = (
					"$(inherited)",
					"@executable_path/Frameworks",
				);
				PRODUCT_BUNDLE_IDENTIFIER = com.ChetwynClarke.BreakPoint;
				PRODUCT_NAME = "$(TARGET_NAME)";
				SWIFT_VERSION = 4.0;
				TARGETED_DEVICE_FAMILY = "1,2";
			};
			name = Debug;
		};
		737678B22075AA5800E06E7E /* Release */ = {
			isa = XCBuildConfiguration;
			baseConfigurationReference = 9C22BE5E910ECFA0C768EDE6 /* Pods-BreakPoint.release.xcconfig */;
			buildSettings = {
				ASSETCATALOG_COMPILER_APPICON_NAME = AppIcon;
				CODE_SIGN_STYLE = Automatic;
				DEVELOPMENT_TEAM = F75BW287FH;
				INFOPLIST_FILE = BreakPoint/Info.plist;
				LD_RUNPATH_SEARCH_PATHS = (
					"$(inherited)",
					"@executable_path/Frameworks",
				);
				PRODUCT_BUNDLE_IDENTIFIER = com.ChetwynClarke.BreakPoint;
				PRODUCT_NAME = "$(TARGET_NAME)";
				SWIFT_VERSION = 4.0;
				TARGETED_DEVICE_FAMILY = "1,2";
			};
			name = Release;
		};
/* End XCBuildConfiguration section */

/* Begin XCConfigurationList section */
		737678972075AA5600E06E7E /* Build configuration list for PBXProject "BreakPoint" */ = {
			isa = XCConfigurationList;
			buildConfigurations = (
				737678AE2075AA5800E06E7E /* Debug */,
				737678AF2075AA5800E06E7E /* Release */,
			);
			defaultConfigurationIsVisible = 0;
			defaultConfigurationName = Release;
		};
		737678B02075AA5800E06E7E /* Build configuration list for PBXNativeTarget "BreakPoint" */ = {
			isa = XCConfigurationList;
			buildConfigurations = (
				737678B12075AA5800E06E7E /* Debug */,
				737678B22075AA5800E06E7E /* Release */,
			);
			defaultConfigurationIsVisible = 0;
			defaultConfigurationName = Release;
		};
/* End XCConfigurationList section */
	};
	rootObject = 737678942075AA5600E06E7E /* Project object */;
}
